
Microsoft Visual Studio Solution File, Format Version 12.00
# Visual Studio 15
VisualStudioVersion = 15.0.27703.2035
MinimumVisualStudioVersion = 10.0.40219.1
Project("{FAE04EC0-301F-11D3-BF4B-00C04F79EFBC}") = "Sourcerer.Android", "Sourcerer\Sourcerer.Android\Sourcerer.Android.csproj", "{F952DC15-4FA5-46C1-B25B-C9F1F9624E11}"
EndProject
Project("{FAE04EC0-301F-11D3-BF4B-00C04F79EFBC}") = "Sourcerer.iOS", "Sourcerer\Sourcerer.iOS\Sourcerer.iOS.csproj", "{062D6FC1-AC44-4064-95EB-85690CE04092}"
EndProject
Project("{FAE04EC0-301F-11D3-BF4B-00C04F79EFBC}") = "Sourcerer.UWP", "Sourcerer\Sourcerer.UWP\Sourcerer.UWP.csproj", "{724823E6-2825-41BB-80BD-AF1F100424F7}"
EndProject
Project("{D954291E-2A0B-460D-934E-DC6B0785DB48}") = "Sourcerer", "Sourcerer\Sourcerer\Sourcerer.shproj", "{2B041EBF-5E1B-403C-9E38-95EA152F1D73}"
EndProject
Global
	GlobalSection(SharedMSBuildProjectFiles) = preSolution
		Sourcerer\Sourcerer\Sourcerer.projitems*{062d6fc1-ac44-4064-95eb-85690ce04092}*SharedItemsImports = 4
		Sourcerer\Sourcerer\Sourcerer.projitems*{2b041ebf-5e1b-403c-9e38-95ea152f1d73}*SharedItemsImports = 13
		Sourcerer\Sourcerer\Sourcerer.projitems*{724823e6-2825-41bb-80bd-af1f100424f7}*SharedItemsImports = 4
		Sourcerer\Sourcerer\Sourcerer.projitems*{f952dc15-4fa5-46c1-b25b-c9f1f9624e11}*SharedItemsImports = 4
	EndGlobalSection
	GlobalSection(SolutionConfigurationPlatforms) = preSolution
		Debug|Any CPU = Debug|Any CPU
		Debug|ARM = Debug|ARM
		Debug|iPhone = Debug|iPhone
		Debug|iPhoneSimulator = Debug|iPhoneSimulator
		Debug|x64 = Debug|x64
		Debug|x86 = Debug|x86
		Release|Any CPU = Release|Any CPU
		Release|ARM = Release|ARM
		Release|iPhone = Release|iPhone
		Release|iPhoneSimulator = Release|iPhoneSimulator
		Release|x64 = Release|x64
		Release|x86 = Release|x86
	EndGlobalSection
	GlobalSection(ProjectConfigurationPlatforms) = postSolution
		{F952DC15-4FA5-46C1-B25B-C9F1F9624E11}.Debug|Any CPU.ActiveCfg = Debug|Any CPU
		{F952DC15-4FA5-46C1-B25B-C9F1F9624E11}.Debug|Any CPU.Build.0 = Debug|Any CPU
		{F952DC15-4FA5-46C1-B25B-C9F1F9624E11}.Debug|Any CPU.Deploy.0 = Debug|Any CPU
		{F952DC15-4FA5-46C1-B25B-C9F1F9624E11}.Debug|ARM.ActiveCfg = Debug|Any CPU
		{F952DC15-4FA5-46C1-B25B-C9F1F9624E11}.Debug|ARM.Build.0 = Debug|Any CPU
		{F952DC15-4FA5-46C1-B25B-C9F1F9624E11}.Debug|ARM.Deploy.0 = Debug|Any CPU
		{F952DC15-4FA5-46C1-B25B-C9F1F9624E11}.Debug|iPhone.ActiveCfg = Debug|Any CPU
		{F952DC15-4FA5-46C1-B25B-C9F1F9624E11}.Debug|iPhone.Build.0 = Debug|Any CPU
		{F952DC15-4FA5-46C1-B25B-C9F1F9624E11}.Debug|iPhone.Deploy.0 = Debug|Any CPU
		{F952DC15-4FA5-46C1-B25B-C9F1F9624E11}.Debug|iPhoneSimulator.ActiveCfg = Debug|Any CPU
		{F952DC15-4FA5-46C1-B25B-C9F1F9624E11}.Debug|iPhoneSimulator.Build.0 = Debug|Any CPU
		{F952DC15-4FA5-46C1-B25B-C9F1F9624E11}.Debug|iPhoneSimulator.Deploy.0 = Debug|Any CPU
		{F952DC15-4FA5-46C1-B25B-C9F1F9624E11}.Debug|x64.ActiveCfg = Debug|Any CPU
		{F952DC15-4FA5-46C1-B25B-C9F1F9624E11}.Debug|x64.Build.0 = Debug|Any CPU
		{F952DC15-4FA5-46C1-B25B-C9F1F9624E11}.Debug|x64.Deploy.0 = Debug|Any CPU
		{F952DC15-4FA5-46C1-B25B-C9F1F9624E11}.Debug|x86.ActiveCfg = Debug|Any CPU
		{F952DC15-4FA5-46C1-B25B-C9F1F9624E11}.Debug|x86.Build.0 = Debug|Any CPU
		{F952DC15-4FA5-46C1-B25B-C9F1F9624E11}.Debug|x86.Deploy.0 = Debug|Any CPU
		{F952DC15-4FA5-46C1-B25B-C9F1F9624E11}.Release|Any CPU.ActiveCfg = Release|Any CPU
		{F952DC15-4FA5-46C1-B25B-C9F1F9624E11}.Release|Any CPU.Build.0 = Release|Any CPU
		{F952DC15-4FA5-46C1-B25B-C9F1F9624E11}.Release|Any CPU.Deploy.0 = Release|Any CPU
		{F952DC15-4FA5-46C1-B25B-C9F1F9624E11}.Release|ARM.ActiveCfg = Release|Any CPU
		{F952DC15-4FA5-46C1-B25B-C9F1F9624E11}.Release|ARM.Build.0 = Release|Any CPU
		{F952DC15-4FA5-46C1-B25B-C9F1F9624E11}.Release|ARM.Deploy.0 = Release|Any CPU
		{F952DC15-4FA5-46C1-B25B-C9F1F9624E11}.Release|iPhone.ActiveCfg = Release|Any CPU
		{F952DC15-4FA5-46C1-B25B-C9F1F9624E11}.Release|iPhone.Build.0 = Release|Any CPU
		{F952DC15-4FA5-46C1-B25B-C9F1F9624E11}.Release|iPhone.Deploy.0 = Release|Any CPU
		{F952DC15-4FA5-46C1-B25B-C9F1F9624E11}.Release|iPhoneSimulator.ActiveCfg = Release|Any CPU
		{F952DC15-4FA5-46C1-B25B-C9F1F9624E11}.Release|iPhoneSimulator.Build.0 = Release|Any CPU
		{F952DC15-4FA5-46C1-B25B-C9F1F9624E11}.Release|iPhoneSimulator.Deploy.0 = Release|Any CPU
		{F952DC15-4FA5-46C1-B25B-C9F1F9624E11}.Release|x64.ActiveCfg = Release|Any CPU
		{F952DC15-4FA5-46C1-B25B-C9F1F9624E11}.Release|x64.Build.0 = Release|Any CPU
		{F952DC15-4FA5-46C1-B25B-C9F1F9624E11}.Release|x64.Deploy.0 = Release|Any CPU
		{F952DC15-4FA5-46C1-B25B-C9F1F9624E11}.Release|x86.ActiveCfg = Release|Any CPU
		{F952DC15-4FA5-46C1-B25B-C9F1F9624E11}.Release|x86.Build.0 = Release|Any CPU
		{F952DC15-4FA5-46C1-B25B-C9F1F9624E11}.Release|x86.Deploy.0 = Release|Any CPU
		{062D6FC1-AC44-4064-95EB-85690CE04092}.Debug|Any CPU.ActiveCfg = Debug|iPhoneSimulator
		{062D6FC1-AC44-4064-95EB-85690CE04092}.Debug|Any CPU.Build.0 = Debug|iPhoneSimulator
		{062D6FC1-AC44-4064-95EB-85690CE04092}.Debug|Any CPU.Deploy.0 = Debug|iPhoneSimulator
		{062D6FC1-AC44-4064-95EB-85690CE04092}.Debug|ARM.ActiveCfg = Debug|iPhone
		{062D6FC1-AC44-4064-95EB-85690CE04092}.Debug|ARM.Build.0 = Debug|iPhone
		{062D6FC1-AC44-4064-95EB-85690CE04092}.Debug|ARM.Deploy.0 = Debug|iPhone
		{062D6FC1-AC44-4064-95EB-85690CE04092}.Debug|iPhone.ActiveCfg = Debug|iPhone
		{062D6FC1-AC44-4064-95EB-85690CE04092}.Debug|iPhone.Build.0 = Debug|iPhone
		{062D6FC1-AC44-4064-95EB-85690CE04092}.Debug|iPhone.Deploy.0 = Debug|iPhone
		{062D6FC1-AC44-4064-95EB-85690CE04092}.Debug|iPhoneSimulator.ActiveCfg = Debug|iPhoneSimulator
		{062D6FC1-AC44-4064-95EB-85690CE04092}.Debug|iPhoneSimulator.Build.0 = Debug|iPhoneSimulator
		{062D6FC1-AC44-4064-95EB-85690CE04092}.Debug|iPhoneSimulator.Deploy.0 = Debug|iPhoneSimulator
		{062D6FC1-AC44-4064-95EB-85690CE04092}.Debug|x64.ActiveCfg = Debug|iPhone
		{062D6FC1-AC44-4064-95EB-85690CE04092}.Debug|x64.Build.0 = Debug|iPhone
		{062D6FC1-AC44-4064-95EB-85690CE04092}.Debug|x64.Deploy.0 = Debug|iPhone
		{062D6FC1-AC44-4064-95EB-85690CE04092}.Debug|x86.ActiveCfg = Debug|iPhone
		{062D6FC1-AC44-4064-95EB-85690CE04092}.Debug|x86.Build.0 = Debug|iPhone
		{062D6FC1-AC44-4064-95EB-85690CE04092}.Debug|x86.Deploy.0 = Debug|iPhone
		{062D6FC1-AC44-4064-95EB-85690CE04092}.Release|Any CPU.ActiveCfg = Release|iPhone
		{062D6FC1-AC44-4064-95EB-85690CE04092}.Release|Any CPU.Build.0 = Release|iPhone
		{062D6FC1-AC44-4064-95EB-85690CE04092}.Release|Any CPU.Deploy.0 = Release|iPhone
		{062D6FC1-AC44-4064-95EB-85690CE04092}.Release|ARM.ActiveCfg = Release|iPhone
		{062D6FC1-AC44-4064-95EB-85690CE04092}.Release|ARM.Build.0 = Release|iPhone
		{062D6FC1-AC44-4064-95EB-85690CE04092}.Release|ARM.Deploy.0 = Release|iPhone
		{062D6FC1-AC44-4064-95EB-85690CE04092}.Release|iPhone.ActiveCfg = Release|iPhone
		{062D6FC1-AC44-4064-95EB-85690CE04092}.Release|iPhone.Build.0 = Release|iPhone
		{062D6FC1-AC44-4064-95EB-85690CE04092}.Release|iPhone.Deploy.0 = Release|iPhone
		{062D6FC1-AC44-4064-95EB-85690CE04092}.Release|iPhoneSimulator.ActiveCfg = Release|iPhoneSimulator
		{062D6FC1-AC44-4064-95EB-85690CE04092}.Release|iPhoneSimulator.Build.0 = Release|iPhoneSimulator
		{062D6FC1-AC44-4064-95EB-85690CE04092}.Release|iPhoneSimulator.Deploy.0 = Release|iPhoneSimulator
		{062D6FC1-AC44-4064-95EB-85690CE04092}.Release|x64.ActiveCfg = Release|iPhone
		{062D6FC1-AC44-4064-95EB-85690CE04092}.Release|x64.Build.0 = Release|iPhone
		{062D6FC1-AC44-4064-95EB-85690CE04092}.Release|x64.Deploy.0 = Release|iPhone
		{062D6FC1-AC44-4064-95EB-85690CE04092}.Release|x86.ActiveCfg = Release|iPhone
		{062D6FC1-AC44-4064-95EB-85690CE04092}.Release|x86.Build.0 = Release|iPhone
		{062D6FC1-AC44-4064-95EB-85690CE04092}.Release|x86.Deploy.0 = Release|iPhone
		{724823E6-2825-41BB-80BD-AF1F100424F7}.Debug|Any CPU.ActiveCfg = Debug|x86
		{724823E6-2825-41BB-80BD-AF1F100424F7}.Debug|Any CPU.Build.0 = Debug|x86
		{724823E6-2825-41BB-80BD-AF1F100424F7}.Debug|Any CPU.Deploy.0 = Debug|x86
		{724823E6-2825-41BB-80BD-AF1F100424F7}.Debug|ARM.ActiveCfg = Debug|ARM
		{724823E6-2825-41BB-80BD-AF1F100424F7}.Debug|ARM.Build.0 = Debug|ARM
		{724823E6-2825-41BB-80BD-AF1F100424F7}.Debug|ARM.Deploy.0 = Debug|ARM
		{724823E6-2825-41BB-80BD-AF1F100424F7}.Debug|iPhone.ActiveCfg = Debug|x86
		{724823E6-2825-41BB-80BD-AF1F100424F7}.Debug|iPhone.Build.0 = Debug|x86
		{724823E6-2825-41BB-80BD-AF1F100424F7}.Debug|iPhone.Deploy.0 = Debug|x86
		{724823E6-2825-41BB-80BD-AF1F100424F7}.Debug|iPhoneSimulator.ActiveCfg = Debug|x86
		{724823E6-2825-41BB-80BD-AF1F100424F7}.Debug|iPhoneSimulator.Build.0 = Debug|x86
		{724823E6-2825-41BB-80BD-AF1F100424F7}.Debug|iPhoneSimulator.Deploy.0 = Debug|x86
		{724823E6-2825-41BB-80BD-AF1F100424F7}.Debug|x64.ActiveCfg = Debug|x64
		{724823E6-2825-41BB-80BD-AF1F100424F7}.Debug|x64.Build.0 = Debug|x64
		{724823E6-2825-41BB-80BD-AF1F100424F7}.Debug|x64.Deploy.0 = Debug|x64
		{724823E6-2825-41BB-80BD-AF1F100424F7}.Debug|x86.ActiveCfg = Debug|x86
		{724823E6-2825-41BB-80BD-AF1F100424F7}.Debug|x86.Build.0 = Debug|x86
		{724823E6-2825-41BB-80BD-AF1F100424F7}.Debug|x86.Deploy.0 = Debug|x86
		{724823E6-2825-41BB-80BD-AF1F100424F7}.Release|Any CPU.ActiveCfg = Release|x86
		{724823E6-2825-41BB-80BD-AF1F100424F7}.Release|Any CPU.Build.0 = Release|x86
		{724823E6-2825-41BB-80BD-AF1F100424F7}.Release|Any CPU.Deploy.0 = Release|x86
		{724823E6-2825-41BB-80BD-AF1F100424F7}.Release|ARM.ActiveCfg = Release|ARM
		{724823E6-2825-41BB-80BD-AF1F100424F7}.Release|ARM.Build.0 = Release|ARM
		{724823E6-2825-41BB-80BD-AF1F100424F7}.Release|ARM.Deploy.0 = Release|ARM
		{724823E6-2825-41BB-80BD-AF1F100424F7}.Release|iPhone.ActiveCfg = Release|x86
		{724823E6-2825-41BB-80BD-AF1F100424F7}.Release|iPhone.Build.0 = Release|x86
		{724823E6-2825-41BB-80BD-AF1F100424F7}.Release|iPhone.Deploy.0 = Release|x86
		{724823E6-2825-41BB-80BD-AF1F100424F7}.Release|iPhoneSimulator.ActiveCfg = Release|x86
		{724823E6-2825-41BB-80BD-AF1F100424F7}.Release|iPhoneSimulator.Build.0 = Release|x86
		{724823E6-2825-41BB-80BD-AF1F100424F7}.Release|iPhoneSimulator.Deploy.0 = Release|x86
		{724823E6-2825-41BB-80BD-AF1F100424F7}.Release|x64.ActiveCfg = Release|x64
		{724823E6-2825-41BB-80BD-AF1F100424F7}.Release|x64.Build.0 = Release|x64
		{724823E6-2825-41BB-80BD-AF1F100424F7}.Release|x64.Deploy.0 = Release|x64
		{724823E6-2825-41BB-80BD-AF1F100424F7}.Release|x86.ActiveCfg = Release|x86
		{724823E6-2825-41BB-80BD-AF1F100424F7}.Release|x86.Build.0 = Release|x86
		{724823E6-2825-41BB-80BD-AF1F100424F7}.Release|x86.Deploy.0 = Release|x86
	EndGlobalSection
	GlobalSection(SolutionProperties) = preSolution
		HideSolutionNode = FALSE
	EndGlobalSection
	GlobalSection(ExtensibilityGlobals) = postSolution
		SolutionGuid = {C0CF2DAF-1D9B-4E16-8F15-E9E4BE78E23D}
	EndGlobalSection
EndGlobal
